
Microsoft Visual Studio Solution File, Format Version 12.00
# Visual Studio Version 17
VisualStudioVersion = 17.9.34728.123
MinimumVisualStudioVersion = 10.0.40219.1
Project("{FAE04EC0-301F-11D3-BF4B-00C04F79EFBC}") = "ContactManger", "ContactManger\ContactManger.csproj", "{D0AAABA8-D813-47E3-8E9A-2CA11BB6DBC9}"
EndProject
Global
	GlobalSection(SolutionConfigurationPlatforms) = preSolution
		Debug|Any CPU = Debug|Any CPU
		Release|Any CPU = Release|Any CPU
	EndGlobalSection
	GlobalSection(ProjectConfigurationPlatforms) = postSolution
		{D0AAABA8-D813-47E3-8E9A-2CA11BB6DBC9}.Debug|Any CPU.ActiveCfg = Debug|Any CPU
		{D0AAABA8-D813-47E3-8E9A-2CA11BB6DBC9}.Debug|Any CPU.Build.0 = Debug|Any CPU
		{D0AAABA8-D813-47E3-8E9A-2CA11BB6DBC9}.Release|Any CPU.ActiveCfg = Release|Any CPU
		{D0AAABA8-D813-47E3-8E9A-2CA11BB6DBC9}.Release|Any CPU.Build.0 = Release|Any CPU
	EndGlobalSection
	GlobalSection(SolutionProperties) = preSolution
		HideSolutionNode = FALSE
	EndGlobalSection
	GlobalSection(ExtensibilityGlobals) = postSolution
		SolutionGuid = {A89B1EA2-9BF0-4AED-8914-ED7E496B6BD3}
	EndGlobalSection
EndGlobal
